{
  "name": "dealwithit",
  "version": "1.0.0",
  "lockfileVersion": 1,
  "dependencies": {
    "ajv": {
      "version": "4.11.8",
      "resolved": "https://registry.npmjs.org/ajv/-/ajv-4.11.8.tgz",
      "integrity": "sha1-gv+wKynmYq5TvcIK8VlHcGc5xTY="
    },
    "asn1": {
      "version": "0.2.3",
      "resolved": "https://registry.npmjs.org/asn1/-/asn1-0.2.3.tgz",
      "integrity": "sha1-2sh4dxPJlmhJ/IGAd36+nB3fO4Y="
    },
    "assert-plus": {
      "version": "0.2.0",
      "resolved": "https://registry.npmjs.org/assert-plus/-/assert-plus-0.2.0.tgz",
      "integrity": "sha1-104bh+ev/A24qttwIfP+SBAasjQ="
    },
    "asynckit": {
      "version": "0.4.0",
      "resolved": "https://registry.npmjs.org/asynckit/-/asynckit-0.4.0.tgz",
      "integrity": "sha1-x57Zf380y48robyXkLzDZkdLS3k="
    },
    "aws-sign2": {
      "version": "0.6.0",
      "resolved": "https://registry.npmjs.org/aws-sign2/-/aws-sign2-0.6.0.tgz",
      "integrity": "sha1-FDQt0428yU0OW4fXY81jYSwOeU8="
    },
    "aws4": {
      "version": "1.6.0",
      "resolved": "https://registry.npmjs.org/aws4/-/aws4-1.6.0.tgz",
      "integrity": "sha1-g+9cqGCysy5KDe7e6MdxudtXRx4="
    },
    "bcrypt-pbkdf": {
      "version": "1.0.1",
      "resolved": "https://registry.npmjs.org/bcrypt-pbkdf/-/bcrypt-pbkdf-1.0.1.tgz",
      "integrity": "sha1-Y7xdy2EzG5K8Bf1SiVPDNGKgb40=",
      "optional": true
    },
    "bluebird": {
      "version": "2.11.0",
      "resolved": "https://registry.npmjs.org/bluebird/-/bluebird-2.11.0.tgz",
      "integrity": "sha1-U0uQM8AiyVecVro7Plpcqvu2UOE="
    },
    "boom": {
      "version": "2.10.1",
      "resolved": "https://registry.npmjs.org/boom/-/boom-2.10.1.tgz",
      "integrity": "sha1-OciRjO/1eZ+D+UkqhI9iWt0Mdm8="
    },
    "caseless": {
      "version": "0.12.0",
      "resolved": "https://registry.npmjs.org/caseless/-/caseless-0.12.0.tgz",
      "integrity": "sha1-G2gcIf+EAzyCZUMJBolCDRhxUdw="
    },
    "co": {
      "version": "4.6.0",
      "resolved": "https://registry.npmjs.org/co/-/co-4.6.0.tgz",
      "integrity": "sha1-bqa989hTrlTMuOR7+gvz+QMfsYQ="
    },
    "combined-stream": {
      "version": "1.0.5",
      "resolved": "https://registry.npmjs.org/combined-stream/-/combined-stream-1.0.5.tgz",
      "integrity": "sha1-k4NwpXtKUd6ix3wV1cX9+JUWQAk="
    },
    "core-util-is": {
      "version": "1.0.2",
      "resolved": "https://registry.npmjs.org/core-util-is/-/core-util-is-1.0.2.tgz",
      "integrity": "sha1-tf1UIgqivFq1eqtxQMlAdUUDwac="
    },
    "cryptiles": {
      "version": "2.0.5",
      "resolved": "https://registry.npmjs.org/cryptiles/-/cryptiles-2.0.5.tgz",
      "integrity": "sha1-O9/s3GCBR8HGcgL6KR59ylnqo7g="
    },
    "dashdash": {
      "version": "1.14.1",
      "resolved": "https://registry.npmjs.org/dashdash/-/dashdash-1.14.1.tgz",
      "integrity": "sha1-hTz6D3y+L+1d4gMmuN1YEDX24vA=",
      "dependencies": {
        "assert-plus": {
          "version": "1.0.0",
          "resolved": "https://registry.npmjs.org/assert-plus/-/assert-plus-1.0.0.tgz",
          "integrity": "sha1-8S4PPF13sLHN2RRpQuTpbB5N1SU="
        }
      }
    },
    "delayed-stream": {
      "version": "1.0.0",
      "resolved": "https://registry.npmjs.org/delayed-stream/-/delayed-stream-1.0.0.tgz",
      "integrity": "sha1-3zrhmayt+31ECqrgsp4icrJOxhk="
    },
    "ecc-jsbn": {
      "version": "0.1.1",
      "resolved": "https://registry.npmjs.org/ecc-jsbn/-/ecc-jsbn-0.1.1.tgz",
      "integrity": "sha1-D8c6ntXw1Tw4GTOYUj735UN3dQU=",
      "optional": true
    },
    "express": {
      "version": "3.4.8",
      "resolved": "https://registry.npmjs.org/express/-/express-3.4.8.tgz",
      "integrity": "sha1-qnqJht4HBTM39Lxe2aZFPZzI4uE=",
      "dependencies": {
        "buffer-crc32": {
          "version": "0.2.1",
          "resolved": "https://registry.npmjs.org/buffer-crc32/-/buffer-crc32-0.2.1.tgz",
          "integrity": "sha1-vj5TgvwCttYySVasGvmKqYsIU0w="
        },
        "commander": {
          "version": "1.3.2",
          "resolved": "https://registry.npmjs.org/commander/-/commander-1.3.2.tgz",
          "integrity": "sha1-io8w7GcKb91kr1LxkUuQfXnq1bU=",
          "dependencies": {
            "keypress": {
              "version": "0.1.0",
              "resolved": "https://registry.npmjs.org/keypress/-/keypress-0.1.0.tgz",
              "integrity": "sha1-SjGI1CkbZrT2XtuZ+AaqmuKTWSo="
            }
          }
        },
        "connect": {
          "version": "2.12.0",
          "resolved": "https://registry.npmjs.org/connect/-/connect-2.12.0.tgz",
          "integrity": "sha1-Mdj6DcrN8ZCNgivSkjvootKn7Zo=",
          "dependencies": {
            "batch": {
              "version": "0.5.0",
              "resolved": "https://registry.npmjs.org/batch/-/batch-0.5.0.tgz",
              "integrity": "sha1-/S4Fp6XWlrTbkxQBPihdj/NVfsM="
            },
            "bytes": {
              "version": "0.2.1",
              "resolved": "https://registry.npmjs.org/bytes/-/bytes-0.2.1.tgz",
              "integrity": "sha1-VVsIq8sGP4l1kFMCUj5M1P/f3zE="
            },
            "multiparty": {
              "version": "2.2.0",
              "resolved": "https://registry.npmjs.org/multiparty/-/multiparty-2.2.0.tgz",
              "integrity": "sha1-pWfCrwAK0i3I8qZT2Rl4rh9TFvQ=",
              "dependencies": {
                "readable-stream": {
                  "version": "1.1.14",
                  "resolved": "https://registry.npmjs.org/readable-stream/-/readable-stream-1.1.14.tgz",
                  "integrity": "sha1-fPTFTvZI44EwhMY23SB54WbAgdk=",
                  "dependencies": {
                    "core-util-is": {
                      "version": "1.0.2",
                      "resolved": "https://registry.npmjs.org/core-util-is/-/core-util-is-1.0.2.tgz",
                      "integrity": "sha1-tf1UIgqivFq1eqtxQMlAdUUDwac="
                    },
                    "inherits": {
                      "version": "2.0.3",
                      "resolved": "https://registry.npmjs.org/inherits/-/inherits-2.0.3.tgz",
                      "integrity": "sha1-Yzwsg+PaQqUC9SRmAiSA9CCCYd4="
                    },
                    "isarray": {
                      "version": "0.0.1",
                      "resolved": "https://registry.npmjs.org/isarray/-/isarray-0.0.1.tgz",
                      "integrity": "sha1-ihis/Kmo9Bd+Cav8YDiTmwXR7t8="
                    },
                    "string_decoder": {
                      "version": "0.10.31",
                      "resolved": "https://registry.npmjs.org/string_decoder/-/string_decoder-0.10.31.tgz",
                      "integrity": "sha1-YuIDvEF2bGwoyfyEMB2rHFMQ+pQ="
                    }
                  }
                },
                "stream-counter": {
                  "version": "0.2.0",
                  "resolved": "https://registry.npmjs.org/stream-counter/-/stream-counter-0.2.0.tgz",
                  "integrity": "sha1-3tJmVWMZyLDiIoErnPOyb6fZR94="
                }
              }
            },
            "negotiator": {
              "version": "0.3.0",
              "resolved": "https://registry.npmjs.org/negotiator/-/negotiator-0.3.0.tgz",
              "integrity": "sha1-cG1pLv7d9XTVfqn7GriaT6fuj2A="
            },
            "pause": {
              "version": "0.0.1",
              "resolved": "https://registry.npmjs.org/pause/-/pause-0.0.1.tgz",
              "integrity": "sha1-HUCLP9t2kjuVQ9lvtMnf1TXZy10="
            },
            "qs": {
              "version": "0.6.6",
              "resolved": "https://registry.npmjs.org/qs/-/qs-0.6.6.tgz",
              "integrity": "sha1-bgFQmP9RlouKPIGQAdXyyJvEsQc="
            },
            "raw-body": {
              "version": "1.1.2",
              "resolved": "https://registry.npmjs.org/raw-body/-/raw-body-1.1.2.tgz",
              "integrity": "sha1-x0swBN6l3v0WlhcRBqx0DsMdYr4="
            },
            "uid2": {
              "version": "0.0.3",
              "resolved": "https://registry.npmjs.org/uid2/-/uid2-0.0.3.tgz",
              "integrity": "sha1-SDEm4Rd03y9xuLY53NeZw3YWK4I="
            }
          }
        },
        "cookie": {
          "version": "0.1.0",
          "resolved": "https://registry.npmjs.org/cookie/-/cookie-0.1.0.tgz",
          "integrity": "sha1-kOtGndzpBchm3mh+/EMTHYgB+dA="
        },
        "cookie-signature": {
          "version": "1.0.1",
          "resolved": "https://registry.npmjs.org/cookie-signature/-/cookie-signature-1.0.1.tgz",
          "integrity": "sha1-ROByFIrwHm6OJK+/EmkNaK5pjss="
        },
        "debug": {
          "version": "0.8.1",
          "resolved": "https://registry.npmjs.org/debug/-/debug-0.8.1.tgz",
          "integrity": "sha1-IP9NJvXkIstoobrLu2EDmtjBwTA="
        },
        "fresh": {
          "version": "0.2.0",
          "resolved": "https://registry.npmjs.org/fresh/-/fresh-0.2.0.tgz",
          "integrity": "sha1-v9lALPPfEsSkwxDHn5mj3eE9NKc="
        },
        "merge-descriptors": {
          "version": "0.0.1",
          "resolved": "https://registry.npmjs.org/merge-descriptors/-/merge-descriptors-0.0.1.tgz",
          "integrity": "sha1-L/CYDJJM+B0LXR+2ARd8uLtWwNA="
        },
        "methods": {
          "version": "0.1.0",
          "resolved": "https://registry.npmjs.org/methods/-/methods-0.1.0.tgz",
          "integrity": "sha1-M11Cnu/SG3us8unJIqjSvRSjDk8="
        },
        "mkdirp": {
          "version": "0.3.5",
          "resolved": "https://registry.npmjs.org/mkdirp/-/mkdirp-0.3.5.tgz",
          "integrity": "sha1-3j5fiWHIjHh+4TaN+EmsRBPsqNc="
        },
        "range-parser": {
          "version": "0.0.4",
          "resolved": "https://registry.npmjs.org/range-parser/-/range-parser-0.0.4.tgz",
          "integrity": "sha1-wEJ//vUcEKy6B4KkbJYC50T/Ygs="
        },
        "send": {
          "version": "0.1.4",
          "resolved": "https://registry.npmjs.org/send/-/send-0.1.4.tgz",
          "integrity": "sha1-vnDY0b4B3mGCGvE3gLUDRaT3Gr0=",
          "dependencies": {
            "mime": {
              "version": "1.2.11",
              "resolved": "https://registry.npmjs.org/mime/-/mime-1.2.11.tgz",
              "integrity": "sha1-WCA+7Ybjpe8XrtK32evUfwpg3RA="
            }
          }
        }
      }
    },
    "extend": {
      "version": "3.0.1",
      "resolved": "https://registry.npmjs.org/extend/-/extend-3.0.1.tgz",
      "integrity": "sha1-p1Xqe8Gt/MWjHOfnYtuq3F5jZEQ="
    },
    "extsprintf": {
      "version": "1.3.0",
      "resolved": "https://registry.npmjs.org/extsprintf/-/extsprintf-1.3.0.tgz",
      "integrity": "sha1-lpGEQOMEGnpBT4xS48V06zw+HgU="
    },
    "forever-agent": {
      "version": "0.6.1",
      "resolved": "https://registry.npmjs.org/forever-agent/-/forever-agent-0.6.1.tgz",
      "integrity": "sha1-+8cfDEGt6zf5bFd60e1C2P2sypE="
    },
    "form-data": {
      "version": "2.1.4",
      "resolved": "https://registry.npmjs.org/form-data/-/form-data-2.1.4.tgz",
      "integrity": "sha1-M8GDrPGTJ27KqYFDpp6Uv+4XUNE="
    },
    "getpass": {
      "version": "0.1.7",
      "resolved": "https://registry.npmjs.org/getpass/-/getpass-0.1.7.tgz",
      "integrity": "sha1-Xv+OPmhNVprkyysSgmBOi6YhSfo=",
      "dependencies": {
        "assert-plus": {
          "version": "1.0.0",
          "resolved": "https://registry.npmjs.org/assert-plus/-/assert-plus-1.0.0.tgz",
          "integrity": "sha1-8S4PPF13sLHN2RRpQuTpbB5N1SU="
        }
      }
    },
    "har-schema": {
      "version": "1.0.5",
      "resolved": "https://registry.npmjs.org/har-schema/-/har-schema-1.0.5.tgz",
      "integrity": "sha1-0mMTX0MwfALGAq/I/pWXDAFRNp4="
    },
    "har-validator": {
      "version": "4.2.1",
      "resolved": "https://registry.npmjs.org/har-validator/-/har-validator-4.2.1.tgz",
      "integrity": "sha1-M0gdDxu/9gDdID11gSpqX7oALio="
    },
    "hawk": {
      "version": "3.1.3",
      "resolved": "https://registry.npmjs.org/hawk/-/hawk-3.1.3.tgz",
      "integrity": "sha1-B4REvXwWQLD+VA0sm3PVlnjo4cQ="
    },
    "hoek": {
      "version": "2.16.3",
      "resolved": "https://registry.npmjs.org/hoek/-/hoek-2.16.3.tgz",
      "integrity": "sha1-ILt0A9POo5jpHcRxCo/xuCdKJe0="
    },
    "http-signature": {
      "version": "1.1.1",
      "resolved": "https://registry.npmjs.org/http-signature/-/http-signature-1.1.1.tgz",
      "integrity": "sha1-33LiZwZs0Kxn+3at+OE0qPvPkb8="
    },
    "is-typedarray": {
      "version": "1.0.0",
      "resolved": "https://registry.npmjs.org/is-typedarray/-/is-typedarray-1.0.0.tgz",
      "integrity": "sha1-5HnICFjfDBsR3dppQPlgEfzaSpo="
    },
    "isstream": {
      "version": "0.1.2",
      "resolved": "https://registry.npmjs.org/isstream/-/isstream-0.1.2.tgz",
      "integrity": "sha1-R+Y/evVa+m+S4VAOaQ64uFKcCZo="
    },
    "jsbn": {
      "version": "0.1.1",
      "resolved": "https://registry.npmjs.org/jsbn/-/jsbn-0.1.1.tgz",
      "integrity": "sha1-peZUwuWi3rXyAdls77yoDA7y9RM=",
      "optional": true
    },
    "json-schema": {
      "version": "0.2.3",
      "resolved": "https://registry.npmjs.org/json-schema/-/json-schema-0.2.3.tgz",
      "integrity": "sha1-tIDIkuWaLwWVTOcnvT8qTogvnhM="
    },
    "json-stable-stringify": {
      "version": "1.0.1",
      "resolved": "https://registry.npmjs.org/json-stable-stringify/-/json-stable-stringify-1.0.1.tgz",
      "integrity": "sha1-mnWdOcXy/1A/1TAGRu1EX4jE+a8="
    },
    "json-stringify-safe": {
      "version": "5.0.1",
      "resolved": "https://registry.npmjs.org/json-stringify-safe/-/json-stringify-safe-5.0.1.tgz",
      "integrity": "sha1-Epai1Y/UXxmg9s4B1lcB4sc1tus="
    },
    "jsonify": {
      "version": "0.0.0",
      "resolved": "https://registry.npmjs.org/jsonify/-/jsonify-0.0.0.tgz",
      "integrity": "sha1-LHS27kHZPKUbe1qu6PUDYx0lKnM="
    },
    "jsprim": {
      "version": "1.4.1",
      "resolved": "https://registry.npmjs.org/jsprim/-/jsprim-1.4.1.tgz",
      "integrity": "sha1-MT5mvB5cwG5Di8G3SZwuXFastqI=",
      "dependencies": {
        "assert-plus": {
          "version": "1.0.0",
          "resolved": "https://registry.npmjs.org/assert-plus/-/assert-plus-1.0.0.tgz",
          "integrity": "sha1-8S4PPF13sLHN2RRpQuTpbB5N1SU="
        }
      }
    },
    "mime-db": {
      "version": "1.30.0",
      "resolved": "https://registry.npmjs.org/mime-db/-/mime-db-1.30.0.tgz",
      "integrity": "sha1-dMZD2i3Z1qRTmZY0ZbJtXKfXHwE="
    },
    "mime-types": {
      "version": "2.1.17",
      "resolved": "https://registry.npmjs.org/mime-types/-/mime-types-2.1.17.tgz",
      "integrity": "sha1-Cdejk/A+mVp5+K+Fe3Cp4KsWVXo="
    },
    "oauth-sign": {
      "version": "0.8.2",
      "resolved": "https://registry.npmjs.org/oauth-sign/-/oauth-sign-0.8.2.tgz",
      "integrity": "sha1-Rqarfwrq2N6unsBWV4C31O/rnUM="
    },
    "performance-now": {
      "version": "0.2.0",
      "resolved": "https://registry.npmjs.org/performance-now/-/performance-now-0.2.0.tgz",
      "integrity": "sha1-M+8wxcd9TqIcWlOGnZG1bY8lVeU="
    },
    "project-oxford": {
      "version": "1.8.0",
      "resolved": "https://registry.npmjs.org/project-oxford/-/project-oxford-1.8.0.tgz",
      "integrity": "sha512-OzBbGWHKkfcJLlK6sqYHa0Dqp+kMV8iNU+/khTWSeMCbgbHwaYWWrVndUAE2uWjVDLTdlFEWa0J8Qrz9sHUktg=="
    },
    "punycode": {
      "version": "1.4.1",
      "resolved": "https://registry.npmjs.org/punycode/-/punycode-1.4.1.tgz",
      "integrity": "sha1-wNWmOycYgArY4esPpSachN1BhF4="
    },
    "qs": {
      "version": "6.4.0",
      "resolved": "https://registry.npmjs.org/qs/-/qs-6.4.0.tgz",
      "integrity": "sha1-E+JtKK1rD/qpExLNO/cI7TUecjM="
    },
    "request": {
      "version": "2.81.0",
      "resolved": "https://registry.npmjs.org/request/-/request-2.81.0.tgz",
      "integrity": "sha1-xpKJRqDgbF+Nb4qTM0af/aRimKA="
    },
    "safe-buffer": {
      "version": "5.1.1",
      "resolved": "https://registry.npmjs.org/safe-buffer/-/safe-buffer-5.1.1.tgz",
      "integrity": "sha512-kKvNJn6Mm93gAczWVJg7wH+wGYWNrDHdWvpUmHyEsgCtIwwo3bqPtV4tR5tuPaUhTOo/kvhVwd8XwwOllGYkbg=="
    },
    "sntp": {
      "version": "1.0.9",
      "resolved": "https://registry.npmjs.org/sntp/-/sntp-1.0.9.tgz",
      "integrity": "sha1-ZUEYTMkK7qbG57NeJlkIJEPGYZg="
    },
    "socket.io": {
      "version": "1.4.8",
      "resolved": "https://registry.npmjs.org/socket.io/-/socket.io-1.4.8.tgz",
      "integrity": "sha1-5XbzMM0L7WTlWz/SbfmRFBiEhns=",
      "dependencies": {
        "debug": {
          "version": "2.2.0",
          "resolved": "https://registry.npmjs.org/debug/-/debug-2.2.0.tgz",
          "integrity": "sha1-+HBX6ZWxofauaklgZkE3vFbwOdo=",
          "dependencies": {
            "ms": {
              "version": "0.7.1",
              "resolved": "https://registry.npmjs.org/ms/-/ms-0.7.1.tgz",
              "integrity": "sha1-nNE8A62/8ltl7/3nzoZO6VIBcJg="
            }
          }
        },
        "engine.io": {
          "version": "1.6.11",
          "resolved": "https://registry.npmjs.org/engine.io/-/engine.io-1.6.11.tgz",
          "integrity": "sha1-JTOpemWHbED/z5U5e375tJXEI/4=",
          "dependencies": {
            "accepts": {
              "version": "1.1.4",
              "resolved": "https://registry.npmjs.org/accepts/-/accepts-1.1.4.tgz",
              "integrity": "sha1-1xyW99QdD+2iw4zRToonwEFY30o=",
              "dependencies": {
                "mime-types": {
                  "version": "2.0.14",
                  "resolved": "https://registry.npmjs.org/mime-types/-/mime-types-2.0.14.tgz",
                  "integrity": "sha1-MQ4VnbI+B3+Lsit0jav6SVcUCqY=",
                  "dependencies": {
                    "mime-db": {
                      "version": "1.12.0",
                      "resolved": "https://registry.npmjs.org/mime-db/-/mime-db-1.12.0.tgz",
                      "integrity": "sha1-PQxjGA9FjrENMlqqN9fFiuMS6dc="
                    }
                  }
                },
                "negotiator": {
                  "version": "0.4.9",
                  "resolved": "https://registry.npmjs.org/negotiator/-/negotiator-0.4.9.tgz",
                  "integrity": "sha1-kuRrbbU8fkIe1koryU8IvnYw3z8="
                }
              }
            },
            "base64id": {
              "version": "0.1.0",
              "resolved": "https://registry.npmjs.org/base64id/-/base64id-0.1.0.tgz",
              "integrity": "sha1-As4P3u4M709ACA4ec+g08LG/zj8="
            },
            "engine.io-parser": {
              "version": "1.2.4",
              "resolved": "https://registry.npmjs.org/engine.io-parser/-/engine.io-parser-1.2.4.tgz",
              "integrity": "sha1-4Il7C/FOeS1M0qWVBVORnFaUjEI=",
              "dependencies": {
                "after": {
                  "version": "0.8.1",
                  "resolved": "https://registry.npmjs.org/after/-/after-0.8.1.tgz",
                  "integrity": "sha1-q11PuIP1loFtNRX495HAr0ht1ic="
                },
                "arraybuffer.slice": {
                  "version": "0.0.6",
                  "resolved": "https://registry.npmjs.org/arraybuffer.slice/-/arraybuffer.slice-0.0.6.tgz",
                  "integrity": "sha1-8zshWfBTKj8xB6JywMz70a0peco="
                },
                "base64-arraybuffer": {
                  "version": "0.1.2",
                  "resolved": "https://registry.npmjs.org/base64-arraybuffer/-/base64-arraybuffer-0.1.2.tgz",
                  "integrity": "sha1-R030qfLaJOBd8xWMOx2zw81GoVQ="
                },
                "blob": {
                  "version": "0.0.4",
                  "resolved": "https://registry.npmjs.org/blob/-/blob-0.0.4.tgz",
                  "integrity": "sha1-vPEwUspURj8w+fx+lbmkdjCpSSE="
                },
                "has-binary": {
                  "version": "0.1.6",
                  "resolved": "https://registry.npmjs.org/has-binary/-/has-binary-0.1.6.tgz",
                  "integrity": "sha1-JTJvOc+k9hath4eJTjryz7x7bhA=",
                  "dependencies": {
                    "isarray": {
                      "version": "0.0.1",
                      "resolved": "https://registry.npmjs.org/isarray/-/isarray-0.0.1.tgz",
                      "integrity": "sha1-ihis/Kmo9Bd+Cav8YDiTmwXR7t8="
                    }
                  }
                },
                "utf8": {
                  "version": "2.1.0",
                  "resolved": "https://registry.npmjs.org/utf8/-/utf8-2.1.0.tgz",
                  "integrity": "sha1-DP7FyAUtRKI+OqqQgQToB1+V39U="
                }
              }
            },
            "ws": {
              "version": "1.1.0",
              "resolved": "https://registry.npmjs.org/ws/-/ws-1.1.0.tgz",
              "integrity": "sha1-wdb9FRXTzv8fCuJ1m/X9dwMKrR0=",
              "dependencies": {
                "options": {
                  "version": "0.0.6",
                  "resolved": "https://registry.npmjs.org/options/-/options-0.0.6.tgz",
                  "integrity": "sha1-7CLTEoBrtT5zF3Pnza788cZDEo8="
                },
                "ultron": {
                  "version": "1.0.2",
                  "resolved": "https://registry.npmjs.org/ultron/-/ultron-1.0.2.tgz",
                  "integrity": "sha1-rOEWq1V80Zc4ak6I9GhTeMiy5Po="
                }
              }
            }
          }
        },
        "has-binary": {
          "version": "0.1.7",
          "resolved": "https://registry.npmjs.org/has-binary/-/has-binary-0.1.7.tgz",
          "integrity": "sha1-aOYesWIQyVRaClzOBqhzkS/h5ow=",
          "dependencies": {
            "isarray": {
              "version": "0.0.1",
              "resolved": "https://registry.npmjs.org/isarray/-/isarray-0.0.1.tgz",
              "integrity": "sha1-ihis/Kmo9Bd+Cav8YDiTmwXR7t8="
            }
          }
        },
        "socket.io-adapter": {
          "version": "0.4.0",
          "resolved": "https://registry.npmjs.org/socket.io-adapter/-/socket.io-adapter-0.4.0.tgz",
          "integrity": "sha1-+5+CqxqmUpC/csNleVW5MKmRok8=",
          "dependencies": {
            "socket.io-parser": {
              "version": "2.2.2",
              "resolved": "https://registry.npmjs.org/socket.io-parser/-/socket.io-parser-2.2.2.tgz",
              "integrity": "sha1-PXr2tkSX6Va32f53X5mXFgJ/lBc=",
              "dependencies": {
                "benchmark": {
                  "version": "1.0.0",
                  "resolved": "https://registry.npmjs.org/benchmark/-/benchmark-1.0.0.tgz",
                  "integrity": "sha1-Lx4vpMNZ8REiqhgwgiGOlX45DHM="
                },
                "component-emitter": {
                  "version": "1.1.2",
                  "resolved": "https://registry.npmjs.org/component-emitter/-/component-emitter-1.1.2.tgz",
                  "integrity": "sha1-KWWU8nU9qmOZbSrwjRWpURbJrsM="
                },
                "debug": {
                  "version": "0.7.4",
                  "resolved": "https://registry.npmjs.org/debug/-/debug-0.7.4.tgz",
                  "integrity": "sha1-BuHqgILCyxTjmAbiLi9vdX+Srzk="
                },
                "isarray": {
                  "version": "0.0.1",
                  "resolved": "https://registry.npmjs.org/isarray/-/isarray-0.0.1.tgz",
                  "integrity": "sha1-ihis/Kmo9Bd+Cav8YDiTmwXR7t8="
                },
                "json3": {
                  "version": "3.2.6",
                  "resolved": "https://registry.npmjs.org/json3/-/json3-3.2.6.tgz",
                  "integrity": "sha1-9u/JPAagTemuxTBT3yVZuxniA4s="
                }
              }
            }
          }
        },
        "socket.io-client": {
          "version": "1.4.8",
          "resolved": "https://registry.npmjs.org/socket.io-client/-/socket.io-client-1.4.8.tgz",
          "integrity": "sha1-SBskHnPfFA6hpPsDSGqFrQl/VVg=",
          "dependencies": {
            "backo2": {
              "version": "1.0.2",
              "resolved": "https://registry.npmjs.org/backo2/-/backo2-1.0.2.tgz",
              "integrity": "sha1-MasayLEpNjRj41s+u2n038+6eUc="
            },
            "component-bind": {
              "version": "1.0.0",
              "resolved": "https://registry.npmjs.org/component-bind/-/component-bind-1.0.0.tgz",
              "integrity": "sha1-AMYIq33Nk4l8AAllGx06jh5zu9E="
            },
            "component-emitter": {
              "version": "1.2.0",
              "resolved": "https://registry.npmjs.org/component-emitter/-/component-emitter-1.2.0.tgz",
              "integrity": "sha1-zNETqGOI0GSC0D3j/H35hSa6jv4="
            },
            "engine.io-client": {
              "version": "1.6.11",
              "resolved": "https://registry.npmjs.org/engine.io-client/-/engine.io-client-1.6.11.tgz",
              "integrity": "sha1-fSUNj6HCGBGezeUTkEWKV9UXE3Y=",
              "dependencies": {
                "component-emitter": {
                  "version": "1.1.2",
                  "resolved": "https://registry.npmjs.org/component-emitter/-/component-emitter-1.1.2.tgz",
                  "integrity": "sha1-KWWU8nU9qmOZbSrwjRWpURbJrsM="
                },
                "component-inherit": {
                  "version": "0.0.3",
                  "resolved": "https://registry.npmjs.org/component-inherit/-/component-inherit-0.0.3.tgz",
                  "integrity": "sha1-ZF/ErfWLcrZJ1crmUTVhnbJv8UM="
                },
                "engine.io-parser": {
                  "version": "1.2.4",
                  "resolved": "https://registry.npmjs.org/engine.io-parser/-/engine.io-parser-1.2.4.tgz",
                  "integrity": "sha1-4Il7C/FOeS1M0qWVBVORnFaUjEI=",
                  "dependencies": {
                    "after": {
                      "version": "0.8.1",
                      "resolved": "https://registry.npmjs.org/after/-/after-0.8.1.tgz",
                      "integrity": "sha1-q11PuIP1loFtNRX495HAr0ht1ic="
                    },
                    "arraybuffer.slice": {
                      "version": "0.0.6",
                      "resolved": "https://registry.npmjs.org/arraybuffer.slice/-/arraybuffer.slice-0.0.6.tgz",
                      "integrity": "sha1-8zshWfBTKj8xB6JywMz70a0peco="
                    },
                    "base64-arraybuffer": {
                      "version": "0.1.2",
                      "resolved": "https://registry.npmjs.org/base64-arraybuffer/-/base64-arraybuffer-0.1.2.tgz",
                      "integrity": "sha1-R030qfLaJOBd8xWMOx2zw81GoVQ="
                    },
                    "blob": {
                      "version": "0.0.4",
                      "resolved": "https://registry.npmjs.org/blob/-/blob-0.0.4.tgz",
                      "integrity": "sha1-vPEwUspURj8w+fx+lbmkdjCpSSE="
                    },
                    "has-binary": {
                      "version": "0.1.6",
                      "resolved": "https://registry.npmjs.org/has-binary/-/has-binary-0.1.6.tgz",
                      "integrity": "sha1-JTJvOc+k9hath4eJTjryz7x7bhA=",
                      "dependencies": {
                        "isarray": {
                          "version": "0.0.1",
                          "resolved": "https://registry.npmjs.org/isarray/-/isarray-0.0.1.tgz",
                          "integrity": "sha1-ihis/Kmo9Bd+Cav8YDiTmwXR7t8="
                        }
                      }
                    },
                    "utf8": {
                      "version": "2.1.0",
                      "resolved": "https://registry.npmjs.org/utf8/-/utf8-2.1.0.tgz",
                      "integrity": "sha1-DP7FyAUtRKI+OqqQgQToB1+V39U="
                    }
                  }
                },
                "has-cors": {
                  "version": "1.1.0",
                  "resolved": "https://registry.npmjs.org/has-cors/-/has-cors-1.1.0.tgz",
                  "integrity": "sha1-XkdHk/fqmEPRu5nCPu9J/xJv/zk="
                },
                "parsejson": {
                  "version": "0.0.1",
                  "resolved": "https://registry.npmjs.org/parsejson/-/parsejson-0.0.1.tgz",
                  "integrity": "sha1-mxDGwNglq1ieaFFTgm3go7oni8w=",
                  "dependencies": {
                    "better-assert": {
                      "version": "1.0.2",
                      "resolved": "https://registry.npmjs.org/better-assert/-/better-assert-1.0.2.tgz",
                      "integrity": "sha1-QIZrnhueC1W0gYlDEeaPr/rrxSI=",
                      "dependencies": {
                        "callsite": {
                          "version": "1.0.0",
                          "resolved": "https://registry.npmjs.org/callsite/-/callsite-1.0.0.tgz",
                          "integrity": "sha1-KAOY5dZkvXQDi28JBRU+borxvCA="
                        }
                      }
                    }
                  }
                },
                "parseqs": {
                  "version": "0.0.2",
                  "resolved": "https://registry.npmjs.org/parseqs/-/parseqs-0.0.2.tgz",
                  "integrity": "sha1-nf5wss3aw4i95PNbHyQPpYrb5sc=",
                  "dependencies": {
                    "better-assert": {
                      "version": "1.0.2",
                      "resolved": "https://registry.npmjs.org/better-assert/-/better-assert-1.0.2.tgz",
                      "integrity": "sha1-QIZrnhueC1W0gYlDEeaPr/rrxSI=",
                      "dependencies": {
                        "callsite": {
                          "version": "1.0.0",
                          "resolved": "https://registry.npmjs.org/callsite/-/callsite-1.0.0.tgz",
                          "integrity": "sha1-KAOY5dZkvXQDi28JBRU+borxvCA="
                        }
                      }
                    }
                  }
                },
                "ws": {
                  "version": "1.0.1",
                  "resolved": "https://registry.npmjs.org/ws/-/ws-1.0.1.tgz",
                  "integrity": "sha1-fQsqLljN3YGQOcKcneZQReGzEOk=",
                  "dependencies": {
                    "options": {
                      "version": "0.0.6",
                      "resolved": "https://registry.npmjs.org/options/-/options-0.0.6.tgz",
                      "integrity": "sha1-7CLTEoBrtT5zF3Pnza788cZDEo8="
                    },
                    "ultron": {
                      "version": "1.0.2",
                      "resolved": "https://registry.npmjs.org/ultron/-/ultron-1.0.2.tgz",
                      "integrity": "sha1-rOEWq1V80Zc4ak6I9GhTeMiy5Po="
                    }
                  }
                },
                "xmlhttprequest-ssl": {
                  "version": "1.5.1",
                  "resolved": "https://registry.npmjs.org/xmlhttprequest-ssl/-/xmlhttprequest-ssl-1.5.1.tgz",
                  "integrity": "sha1-O3dB/qSoZnWXbpCNKW1ERZYfqmc="
                },
                "yeast": {
                  "version": "0.1.2",
                  "resolved": "https://registry.npmjs.org/yeast/-/yeast-0.1.2.tgz",
                  "integrity": "sha1-AI4G2AlDIMNy28L47XagymyKxBk="
                }
              }
            },
            "indexof": {
              "version": "0.0.1",
              "resolved": "https://registry.npmjs.org/indexof/-/indexof-0.0.1.tgz",
              "integrity": "sha1-gtwzbSMrkGIXnQWrMpOmYFn9Q10="
            },
            "object-component": {
              "version": "0.0.3",
              "resolved": "https://registry.npmjs.org/object-component/-/object-component-0.0.3.tgz",
              "integrity": "sha1-8MaapQ78lbhmwYb0AKM3acsvEpE="
            },
            "parseuri": {
              "version": "0.0.4",
              "resolved": "https://registry.npmjs.org/parseuri/-/parseuri-0.0.4.tgz",
              "integrity": "sha1-gGWCo5iH4eoY3V4v4OAZAiaOk1A=",
              "dependencies": {
                "better-assert": {
                  "version": "1.0.2",
                  "resolved": "https://registry.npmjs.org/better-assert/-/better-assert-1.0.2.tgz",
                  "integrity": "sha1-QIZrnhueC1W0gYlDEeaPr/rrxSI=",
                  "dependencies": {
                    "callsite": {
                      "version": "1.0.0",
                      "resolved": "https://registry.npmjs.org/callsite/-/callsite-1.0.0.tgz",
                      "integrity": "sha1-KAOY5dZkvXQDi28JBRU+borxvCA="
                    }
                  }
                }
              }
            },
            "to-array": {
              "version": "0.1.4",
              "resolved": "https://registry.npmjs.org/to-array/-/to-array-0.1.4.tgz",
              "integrity": "sha1-F+bBH3PdTz10zaek/zI46a2b+JA="
            }
          }
        },
        "socket.io-parser": {
          "version": "2.2.6",
          "resolved": "https://registry.npmjs.org/socket.io-parser/-/socket.io-parser-2.2.6.tgz",
          "integrity": "sha1-ON/WHfUNz4qx2eIJEyK/kCuii5k=",
          "dependencies": {
            "benchmark": {
              "version": "1.0.0",
              "resolved": "https://registry.npmjs.org/benchmark/-/benchmark-1.0.0.tgz",
              "integrity": "sha1-Lx4vpMNZ8REiqhgwgiGOlX45DHM="
            },
            "component-emitter": {
              "version": "1.1.2",
              "resolved": "https://registry.npmjs.org/component-emitter/-/component-emitter-1.1.2.tgz",
              "integrity": "sha1-KWWU8nU9qmOZbSrwjRWpURbJrsM="
            },
            "isarray": {
              "version": "0.0.1",
              "resolved": "https://registry.npmjs.org/isarray/-/isarray-0.0.1.tgz",
              "integrity": "sha1-ihis/Kmo9Bd+Cav8YDiTmwXR7t8="
            },
            "json3": {
              "version": "3.3.2",
              "resolved": "https://registry.npmjs.org/json3/-/json3-3.3.2.tgz",
              "integrity": "sha1-PAQ0dD35Pi9cQq7nsZvLSDV19OE="
            }
          }
        }
      }
    },
    "sshpk": {
      "version": "1.13.1",
      "resolved": "https://registry.npmjs.org/sshpk/-/sshpk-1.13.1.tgz",
      "integrity": "sha1-US322mKHFEMW3EwY/hzx2UBzm+M=",
      "dependencies": {
        "assert-plus": {
          "version": "1.0.0",
          "resolved": "https://registry.npmjs.org/assert-plus/-/assert-plus-1.0.0.tgz",
          "integrity": "sha1-8S4PPF13sLHN2RRpQuTpbB5N1SU="
        }
      }
    },
    "stringstream": {
      "version": "0.0.5",
      "resolved": "https://registry.npmjs.org/stringstream/-/stringstream-0.0.5.tgz",
      "integrity": "sha1-TkhM1N5aC7vuGORjB3EKioFiGHg="
    },
    "tough-cookie": {
      "version": "2.3.2",
      "resolved": "https://registry.npmjs.org/tough-cookie/-/tough-cookie-2.3.2.tgz",
      "integrity": "sha1-8IH3bkyFcg5sN6X6ztc3FQ2EByo="
    },
    "tunnel-agent": {
      "version": "0.6.0",
      "resolved": "https://registry.npmjs.org/tunnel-agent/-/tunnel-agent-0.6.0.tgz",
      "integrity": "sha1-J6XeoGs2sEoKmWZ3SykIaPD8QP0="
    },
    "tweetnacl": {
      "version": "0.14.5",
      "resolved": "https://registry.npmjs.org/tweetnacl/-/tweetnacl-0.14.5.tgz",
      "integrity": "sha1-WuaBd/GS1EViadEIr6k/+HQ/T2Q=",
      "optional": true
    },
    "uuid": {
      "version": "3.1.0",
      "resolved": "https://registry.npmjs.org/uuid/-/uuid-3.1.0.tgz",
      "integrity": "sha512-DIWtzUkw04M4k3bf1IcpS2tngXEL26YUD2M0tMDUpnUrz2hgzUBlD55a4FjdLGPvfHxS6uluGWvaVEqgBcVa+g=="
    },
    "verror": {
      "version": "1.10.0",
      "resolved": "https://registry.npmjs.org/verror/-/verror-1.10.0.tgz",
      "integrity": "sha1-OhBcoXBTr1XW4nDB+CiGguGNpAA=",
      "dependencies": {
        "assert-plus": {
          "version": "1.0.0",
          "resolved": "https://registry.npmjs.org/assert-plus/-/assert-plus-1.0.0.tgz",
          "integrity": "sha1-8S4PPF13sLHN2RRpQuTpbB5N1SU="
        }
      }
    }
  }
}
